
Microsoft Visual Studio Solution File, Format Version 12.00
# Visual Studio Version 16
VisualStudioVersion = 16.0.32002.261
MinimumVisualStudioVersion = 10.0.40219.1
Project("{FAE04EC0-301F-11D3-BF4B-00C04F79EFBC}") = "aspnetserver", "aspnetserver\aspnetserver.csproj", "{F1520FE1-F0E7-40D2-8FE7-E1BEA2038EB5}"
EndProject
Global
	GlobalSection(SolutionConfigurationPlatforms) = preSolution
		Debug|Any CPU = Debug|Any CPU
		Release|Any CPU = Release|Any CPU
	EndGlobalSection
	GlobalSection(ProjectConfigurationPlatforms) = postSolution
		{F1520FE1-F0E7-40D2-8FE7-E1BEA2038EB5}.Debug|Any CPU.ActiveCfg = Debug|Any CPU
		{F1520FE1-F0E7-40D2-8FE7-E1BEA2038EB5}.Debug|Any CPU.Build.0 = Debug|Any CPU
		{F1520FE1-F0E7-40D2-8FE7-E1BEA2038EB5}.Release|Any CPU.ActiveCfg = Release|Any CPU
		{F1520FE1-F0E7-40D2-8FE7-E1BEA2038EB5}.Release|Any CPU.Build.0 = Release|Any CPU
	EndGlobalSection
	GlobalSection(SolutionProperties) = preSolution
		HideSolutionNode = FALSE
	EndGlobalSection
	GlobalSection(ExtensibilityGlobals) = postSolution
		SolutionGuid = {D99F59E8-646C-4F7D-8CE6-18EBED9B01A0}
	EndGlobalSection
EndGlobal
